
Microsoft Visual Studio Solution File, Format Version 12.00
# Visual Studio Version 16
VisualStudioVersion = 16.0.31911.196
MinimumVisualStudioVersion = 10.0.40219.1
Project("{FAE04EC0-301F-11D3-BF4B-00C04F79EFBC}") = "Hotels", "Hotels\Hotels.csproj", "{1909FAF3-BCDE-46AD-9B6B-516B805A691E}"
EndProject
Project("{FAE04EC0-301F-11D3-BF4B-00C04F79EFBC}") = "Hotels.Domain", "Hotels.Domain\Hotels.Domain.csproj", "{9B031C56-6C64-4D6B-89A1-3D51ADC5589F}"
EndProject
Project("{FAE04EC0-301F-11D3-BF4B-00C04F79EFBC}") = "Hotels.Data", "Hotels.Data\Hotels.Data.csproj", "{B9BE617A-513B-4044-9E55-9B8BE60E33D3}"
EndProject
Global
	GlobalSection(SolutionConfigurationPlatforms) = preSolution
		Debug|Any CPU = Debug|Any CPU
		Release|Any CPU = Release|Any CPU
	EndGlobalSection
	GlobalSection(ProjectConfigurationPlatforms) = postSolution
		{1909FAF3-BCDE-46AD-9B6B-516B805A691E}.Debug|Any CPU.ActiveCfg = Debug|Any CPU
		{1909FAF3-BCDE-46AD-9B6B-516B805A691E}.Debug|Any CPU.Build.0 = Debug|Any CPU
		{1909FAF3-BCDE-46AD-9B6B-516B805A691E}.Release|Any CPU.ActiveCfg = Release|Any CPU
		{1909FAF3-BCDE-46AD-9B6B-516B805A691E}.Release|Any CPU.Build.0 = Release|Any CPU
		{9B031C56-6C64-4D6B-89A1-3D51ADC5589F}.Debug|Any CPU.ActiveCfg = Debug|Any CPU
		{9B031C56-6C64-4D6B-89A1-3D51ADC5589F}.Debug|Any CPU.Build.0 = Debug|Any CPU
		{9B031C56-6C64-4D6B-89A1-3D51ADC5589F}.Release|Any CPU.ActiveCfg = Release|Any CPU
		{9B031C56-6C64-4D6B-89A1-3D51ADC5589F}.Release|Any CPU.Build.0 = Release|Any CPU
		{B9BE617A-513B-4044-9E55-9B8BE60E33D3}.Debug|Any CPU.ActiveCfg = Debug|Any CPU
		{B9BE617A-513B-4044-9E55-9B8BE60E33D3}.Debug|Any CPU.Build.0 = Debug|Any CPU
		{B9BE617A-513B-4044-9E55-9B8BE60E33D3}.Release|Any CPU.ActiveCfg = Release|Any CPU
		{B9BE617A-513B-4044-9E55-9B8BE60E33D3}.Release|Any CPU.Build.0 = Release|Any CPU
	EndGlobalSection
	GlobalSection(SolutionProperties) = preSolution
		HideSolutionNode = FALSE
	EndGlobalSection
	GlobalSection(ExtensibilityGlobals) = postSolution
		SolutionGuid = {AFF783BC-5732-4B15-9884-BEBAC275FF29}
	EndGlobalSection
EndGlobal
