
Microsoft Visual Studio Solution File, Format Version 12.00
# Visual Studio Version 16
VisualStudioVersion = 16.0.31911.196
MinimumVisualStudioVersion = 10.0.40219.1
Project("{9A19103F-16F7-4668-BE54-9A1E7A4F7556}") = "Hotels", "Hotels\Hotels.csproj", "{1909FAF3-BCDE-46AD-9B6B-516B805A691E}"
EndProject
Project("{9A19103F-16F7-4668-BE54-9A1E7A4F7556}") = "Hotels.Domain", "Hotels.Domain\Hotels.Domain.csproj", "{9B031C56-6C64-4D6B-89A1-3D51ADC5589F}"
EndProject
Project("{9A19103F-16F7-4668-BE54-9A1E7A4F7556}") = "Hotels.Data", "Hotels.Data\Hotels.Data.csproj", "{B9BE617A-513B-4044-9E55-9B8BE60E33D3}"
EndProject
Project("{FAE04EC0-301F-11D3-BF4B-00C04F79EFBC}") = "Hotels.DataManipulation", "Hotels.DataManipulation\Hotels.DataManipulation.csproj", "{DF36F825-1B85-4E6B-B108-55E14F8FDDAD}"
EndProject
Project("{FAE04EC0-301F-11D3-BF4B-00C04F79EFBC}") = "AAA.Common", "AAA.Common\AAA.Common.csproj", "{D1A1AB12-EB95-45E7-89F4-782DD38252EE}"
EndProject
Global
	GlobalSection(SolutionConfigurationPlatforms) = preSolution
		Debug|Any CPU = Debug|Any CPU
		Release|Any CPU = Release|Any CPU
	EndGlobalSection
	GlobalSection(ProjectConfigurationPlatforms) = postSolution
		{1909FAF3-BCDE-46AD-9B6B-516B805A691E}.Debug|Any CPU.ActiveCfg = Debug|Any CPU
		{1909FAF3-BCDE-46AD-9B6B-516B805A691E}.Debug|Any CPU.Build.0 = Debug|Any CPU
		{1909FAF3-BCDE-46AD-9B6B-516B805A691E}.Release|Any CPU.ActiveCfg = Release|Any CPU
		{1909FAF3-BCDE-46AD-9B6B-516B805A691E}.Release|Any CPU.Build.0 = Release|Any CPU
		{9B031C56-6C64-4D6B-89A1-3D51ADC5589F}.Debug|Any CPU.ActiveCfg = Debug|Any CPU
		{9B031C56-6C64-4D6B-89A1-3D51ADC5589F}.Debug|Any CPU.Build.0 = Debug|Any CPU
		{9B031C56-6C64-4D6B-89A1-3D51ADC5589F}.Release|Any CPU.ActiveCfg = Release|Any CPU
		{9B031C56-6C64-4D6B-89A1-3D51ADC5589F}.Release|Any CPU.Build.0 = Release|Any CPU
		{B9BE617A-513B-4044-9E55-9B8BE60E33D3}.Debug|Any CPU.ActiveCfg = Debug|Any CPU
		{B9BE617A-513B-4044-9E55-9B8BE60E33D3}.Debug|Any CPU.Build.0 = Debug|Any CPU
		{B9BE617A-513B-4044-9E55-9B8BE60E33D3}.Release|Any CPU.ActiveCfg = Release|Any CPU
		{B9BE617A-513B-4044-9E55-9B8BE60E33D3}.Release|Any CPU.Build.0 = Release|Any CPU
		{DF36F825-1B85-4E6B-B108-55E14F8FDDAD}.Debug|Any CPU.ActiveCfg = Debug|Any CPU
		{DF36F825-1B85-4E6B-B108-55E14F8FDDAD}.Debug|Any CPU.Build.0 = Debug|Any CPU
		{DF36F825-1B85-4E6B-B108-55E14F8FDDAD}.Release|Any CPU.ActiveCfg = Release|Any CPU
		{DF36F825-1B85-4E6B-B108-55E14F8FDDAD}.Release|Any CPU.Build.0 = Release|Any CPU
		{D1A1AB12-EB95-45E7-89F4-782DD38252EE}.Debug|Any CPU.ActiveCfg = Debug|Any CPU
		{D1A1AB12-EB95-45E7-89F4-782DD38252EE}.Debug|Any CPU.Build.0 = Debug|Any CPU
		{D1A1AB12-EB95-45E7-89F4-782DD38252EE}.Release|Any CPU.ActiveCfg = Release|Any CPU
		{D1A1AB12-EB95-45E7-89F4-782DD38252EE}.Release|Any CPU.Build.0 = Release|Any CPU
	EndGlobalSection
	GlobalSection(SolutionProperties) = preSolution
		HideSolutionNode = FALSE
	EndGlobalSection
	GlobalSection(ExtensibilityGlobals) = postSolution
		SolutionGuid = {AFF783BC-5732-4B15-9884-BEBAC275FF29}
	EndGlobalSection
EndGlobal
